// !$*UTF8*$!
{
	archiveVersion = 1;
	classes = {
	};
	objectVersion = 77;
	objects = {

/* Begin PBXContainerItemProxy section */
		6BA52BAC2DE8251D0039097B /* PBXContainerItemProxy */ = {
			isa = PBXContainerItemProxy;
			containerPortal = 6BA52B962DE8251C0039097B /* Project object */;
			proxyType = 1;
			remoteGlobalIDString = 6BA52B9D2DE8251C0039097B;
			remoteInfo = "lint-test-ios";
		};
		6BA52BB62DE8251D0039097B /* PBXContainerItemProxy */ = {
			isa = PBXContainerItemProxy;
			containerPortal = 6BA52B962DE8251C0039097B /* Project object */;
			proxyType = 1;
			remoteGlobalIDString = 6BA52B9D2DE8251C0039097B;
			remoteInfo = "lint-test-ios";
		};
/* End PBXContainerItemProxy section */

/* Begin PBXFileReference section */
		6BA52B9E2DE8251C0039097B /* lint-test-ios.app */ = {isa = PBXFileReference; explicitFileType = wrapper.application; includeInIndex = 0; path = "lint-test-ios.app"; sourceTree = BUILT_PRODUCTS_DIR; };
		6BA52BAB2DE8251D0039097B /* lint-test-iosTests.xctest */ = {isa = PBXFileReference; explicitFileType = wrapper.cfbundle; includeInIndex = 0; path = "lint-test-iosTests.xctest"; sourceTree = BUILT_PRODUCTS_DIR; };
		6BA52BB52DE8251D0039097B /* lint-test-iosUITests.xctest */ = {isa = PBXFileReference; explicitFileType = wrapper.cfbundle; includeInIndex = 0; path = "lint-test-iosUITests.xctest"; sourceTree = BUILT_PRODUCTS_DIR; };
/* End PBXFileReference section */

/* Begin PBXFileSystemSynchronizedRootGroup section */
		6BA52BA02DE8251C0039097B /* lint-test-ios */ = {
			isa = PBXFileSystemSynchronizedRootGroup;
			path = "lint-test-ios";
			sourceTree = "<group>";
		};
		6BA52BAE2DE8251D0039097B /* lint-test-iosTests */ = {
			isa = PBXFileSystemSynchronizedRootGroup;
			path = "lint-test-iosTests";
			sourceTree = "<group>";
		};
		6BA52BB82DE8251D0039097B /* lint-test-iosUITests */ = {
			isa = PBXFileSystemSynchronizedRootGroup;
			path = "lint-test-iosUITests";
			sourceTree = "<group>";
		};
/* End PBXFileSystemSynchronizedRootGroup section */

/* Begin PBXFrameworksBuildPhase section */
		6BA52B9B2DE8251C0039097B /* Frameworks */ = {
			isa = PBXFrameworksBuildPhase;
			buildActionMask = 2147483647;
			files = (
			);
			runOnlyForDeploymentPostprocessing = 0;
		};
		6BA52BA82DE8251D0039097B /* Frameworks */ = {
			isa = PBXFrameworksBuildPhase;
			buildActionMask = 2147483647;
			files = (
			);
			runOnlyForDeploymentPostprocessing = 0;
		};
		6BA52BB22DE8251D0039097B /* Frameworks */ = {
			isa = PBXFrameworksBuildPhase;
			buildActionMask = 2147483647;
			files = (
			);
			runOnlyForDeploymentPostprocessing = 0;
		};
/* End PBXFrameworksBuildPhase section */

/* Begin PBXGroup section */
		6BA52B952DE8251C0039097B = {
			isa = PBXGroup;
			children = (
				6BA52BA02DE8251C0039097B /* lint-test-ios */,
				6BA52BAE2DE8251D0039097B /* lint-test-iosTests */,
				6BA52BB82DE8251D0039097B /* lint-test-iosUITests */,
				6BA52B9F2DE8251C0039097B /* Products */,
			);
			sourceTree = "<group>";
		};
		6BA52B9F2DE8251C0039097B /* Products */ = {
			isa = PBXGroup;
			children = (
				6BA52B9E2DE8251C0039097B /* lint-test-ios.app */,
				6BA52BAB2DE8251D0039097B /* lint-test-iosTests.xctest */,
				6BA52BB52DE8251D0039097B /* lint-test-iosUITests.xctest */,
			);
			name = Products;
			sourceTree = "<group>";
		};
/* End PBXGroup section */

/* Begin PBXNativeTarget section */
		6BA52B9D2DE8251C0039097B /* lint-test-ios */ = {
			isa = PBXNativeTarget;
			buildConfigurationList = 6BA52BBF2DE8251D0039097B /* Build configuration list for PBXNativeTarget "lint-test-ios" */;
			buildPhases = (
				6BA52B9A2DE8251C0039097B /* Sources */,
				6BA52B9B2DE8251C0039097B /* Frameworks */,
				6BA52B9C2DE8251C0039097B /* Resources */,
			);
			buildRules = (
			);
			dependencies = (
			);
			fileSystemSynchronizedGroups = (
				6BA52BA02DE8251C0039097B /* lint-test-ios */,
			);
			name = "lint-test-ios";
			packageProductDependencies = (
			);
			productName = "lint-test-ios";
			productReference = 6BA52B9E2DE8251C0039097B /* lint-test-ios.app */;
			productType = "com.apple.product-type.application";
		};
		6BA52BAA2DE8251D0039097B /* lint-test-iosTests */ = {
			isa = PBXNativeTarget;
			buildConfigurationList = 6BA52BC22DE8251D0039097B /* Build configuration list for PBXNativeTarget "lint-test-iosTests" */;
			buildPhases = (
				6BA52BA72DE8251D0039097B /* Sources */,
				6BA52BA82DE8251D0039097B /* Frameworks */,
				6BA52BA92DE8251D0039097B /* Resources */,
			);
			buildRules = (
			);
			dependencies = (
				6BA52BAD2DE8251D0039097B /* PBXTargetDependency */,
			);
			fileSystemSynchronizedGroups = (
				6BA52BAE2DE8251D0039097B /* lint-test-iosTests */,
			);
			name = "lint-test-iosTests";
			packageProductDependencies = (
			);
			productName = "lint-test-iosTests";
			productReference = 6BA52BAB2DE8251D0039097B /* lint-test-iosTests.xctest */;
			productType = "com.apple.product-type.bundle.unit-test";
		};
		6BA52BB42DE8251D0039097B /* lint-test-iosUITests */ = {
			isa = PBXNativeTarget;
			buildConfigurationList = 6BA52BC52DE8251D0039097B /* Build configuration list for PBXNativeTarget "lint-test-iosUITests" */;
			buildPhases = (
				6BA52BB12DE8251D0039097B /* Sources */,
				6BA52BB22DE8251D0039097B /* Frameworks */,
				6BA52BB32DE8251D0039097B /* Resources */,
			);
			buildRules = (
			);
			dependencies = (
				6BA52BB72DE8251D0039097B /* PBXTargetDependency */,
			);
			fileSystemSynchronizedGroups = (
				6BA52BB82DE8251D0039097B /* lint-test-iosUITests */,
			);
			name = "lint-test-iosUITests";
			packageProductDependencies = (
			);
			productName = "lint-test-iosUITests";
			productReference = 6BA52BB52DE8251D0039097B /* lint-test-iosUITests.xctest */;
			productType = "com.apple.product-type.bundle.ui-testing";
		};
/* End PBXNativeTarget section */

/* Begin PBXProject section */
		6BA52B962DE8251C0039097B /* Project object */ = {
			isa = PBXProject;
			attributes = {
				BuildIndependentTargetsInParallel = 1;
				LastSwiftUpdateCheck = 1630;
				LastUpgradeCheck = 1630;
				TargetAttributes = {
					6BA52B9D2DE8251C0039097B = {
						CreatedOnToolsVersion = 16.3;
					};
					6BA52BAA2DE8251D0039097B = {
						CreatedOnToolsVersion = 16.3;
						TestTargetID = 6BA52B9D2DE8251C0039097B;
					};
					6BA52BB42DE8251D0039097B = {
						CreatedOnToolsVersion = 16.3;
						TestTargetID = 6BA52B9D2DE8251C0039097B;
					};
				};
			};
			buildConfigurationList = 6BA52B992DE8251C0039097B /* Build configuration list for PBXProject "lint-test-ios" */;
			developmentRegion = en;
			hasScannedForEncodings = 0;
			knownRegions = (
				en,
				Base,
			);
			mainGroup = 6BA52B952DE8251C0039097B;
			minimizedProjectReferenceProxies = 1;
			preferredProjectObjectVersion = 77;
			productRefGroup = 6BA52B9F2DE8251C0039097B /* Products */;
			projectDirPath = "";
			projectRoot = "";
			targets = (
				6BA52B9D2DE8251C0039097B /* lint-test-ios */,
				6BA52BAA2DE8251D0039097B /* lint-test-iosTests */,
				6BA52BB42DE8251D0039097B /* lint-test-iosUITests */,
			);
		};
/* End PBXProject section */

/* Begin PBXResourcesBuildPhase section */
		6BA52B9C2DE8251C0039097B /* Resources */ = {
			isa = PBXResourcesBuildPhase;
			buildActionMask = 2147483647;
			files = (
			);
			runOnlyForDeploymentPostprocessing = 0;
		};
		6BA52BA92DE8251D0039097B /* Resources */ = {
			isa = PBXResourcesBuildPhase;
			buildActionMask = 2147483647;
			files = (
			);
			runOnlyForDeploymentPostprocessing = 0;
		};
		6BA52BB32DE8251D0039097B /* Resources */ = {
			isa = PBXResourcesBuildPhase;
			buildActionMask = 2147483647;
			files = (
			);
			runOnlyForDeploymentPostprocessing = 0;
		};
/* End PBXResourcesBuildPhase section */

/* Begin PBXSourcesBuildPhase section */
		6BA52B9A2DE8251C0039097B /* Sources */ = {
			isa = PBXSourcesBuildPhase;
			buildActionMask = 2147483647;
			files = (
			);
			runOnlyForDeploymentPostprocessing = 0;
		};
		6BA52BA72DE8251D0039097B /* Sources */ = {
			isa = PBXSourcesBuildPhase;
			buildActionMask = 2147483647;
			files = (
			);
			runOnlyForDeploymentPostprocessing = 0;
		};
		6BA52BB12DE8251D0039097B /* Sources */ = {
			isa = PBXSourcesBuildPhase;
			buildActionMask = 2147483647;
			files = (
			);
			runOnlyForDeploymentPostprocessing = 0;
		};
/* End PBXSourcesBuildPhase section */

/* Begin PBXTargetDependency section */
		6BA52BAD2DE8251D0039097B /* PBXTargetDependency */ = {
			isa = PBXTargetDependency;
			target = 6BA52B9D2DE8251C0039097B /* lint-test-ios */;
			targetProxy = 6BA52BAC2DE8251D0039097B /* PBXContainerItemProxy */;
		};
		6BA52BB72DE8251D0039097B /* PBXTargetDependency */ = {
			isa = PBXTargetDependency;
			target = 6BA52B9D2DE8251C0039097B /* lint-test-ios */;
			targetProxy = 6BA52BB62DE8251D0039097B /* PBXContainerItemProxy */;
		};
/* End PBXTargetDependency section */

/* Begin XCBuildConfiguration section */
		6BA52BBD2DE8251D0039097B /* Debug */ = {
			isa = XCBuildConfiguration;
			buildSettings = {
				ALWAYS_SEARCH_USER_PATHS = NO;
				ASSETCATALOG_COMPILER_GENERATE_SWIFT_ASSET_SYMBOL_EXTENSIONS = YES;
				CLANG_ANALYZER_NONNULL = YES;
				CLANG_ANALYZER_NUMBER_OBJECT_CONVERSION = YES_AGGRESSIVE;
				CLANG_CXX_LANGUAGE_STANDARD = "gnu++20";
				CLANG_ENABLE_MODULES = YES;
				CLANG_ENABLE_OBJC_ARC = YES;
				CLANG_ENABLE_OBJC_WEAK = YES;
				CLANG_WARN_BLOCK_CAPTURE_AUTORELEASING = YES;
				CLANG_WARN_BOOL_CONVERSION = YES;
				CLANG_WARN_COMMA = YES;
				CLANG_WARN_CONSTANT_CONVERSION = YES;
				CLANG_WARN_DEPRECATED_OBJC_IMPLEMENTATIONS = YES;
				CLANG_WARN_DIRECT_OBJC_ISA_USAGE = YES_ERROR;
				CLANG_WARN_DOCUMENTATION_COMMENTS = YES;
				CLANG_WARN_EMPTY_BODY = YES;
				CLANG_WARN_ENUM_CONVERSION = YES;
				CLANG_WARN_INFINITE_RECURSION = YES;
				CLANG_WARN_INT_CONVERSION = YES;
				CLANG_WARN_NON_LITERAL_NULL_CONVERSION = YES;
				CLANG_WARN_OBJC_IMPLICIT_RETAIN_SELF = YES;
				CLANG_WARN_OBJC_LITERAL_CONVERSION = YES;
				CLANG_WARN_OBJC_ROOT_CLASS = YES_ERROR;
				CLANG_WARN_QUOTED_INCLUDE_IN_FRAMEWORK_HEADER = YES;
				CLANG_WARN_RANGE_LOOP_ANALYSIS = YES;
				CLANG_WARN_STRICT_PROTOTYPES = YES;
				CLANG_WARN_SUSPICIOUS_MOVE = YES;
				CLANG_WARN_UNGUARDED_AVAILABILITY = YES_AGGRESSIVE;
				CLANG_WARN_UNREACHABLE_CODE = YES;
				CLANG_WARN__DUPLICATE_METHOD_MATCH = YES;
				COPY_PHASE_STRIP = NO;
				DEBUG_INFORMATION_FORMAT = dwarf;
				ENABLE_STRICT_OBJC_MSGSEND = YES;
				ENABLE_TESTABILITY = YES;
				ENABLE_USER_SCRIPT_SANDBOXING = YES;
				GCC_C_LANGUAGE_STANDARD = gnu17;
				GCC_DYNAMIC_NO_PIC = NO;
				GCC_NO_COMMON_BLOCKS = YES;
				GCC_OPTIMIZATION_LEVEL = 0;
				GCC_PREPROCESSOR_DEFINITIONS = (
					"DEBUG=1",
					"$(inherited)",
				);
				GCC_WARN_64_TO_32_BIT_CONVERSION = YES;
				GCC_WARN_ABOUT_RETURN_TYPE = YES_ERROR;
				GCC_WARN_UNDECLARED_SELECTOR = YES;
				GCC_WARN_UNINITIALIZED_AUTOS = YES_AGGRESSIVE;
				GCC_WARN_UNUSED_FUNCTION = YES;
				GCC_WARN_UNUSED_VARIABLE = YES;
				IPHONEOS_DEPLOYMENT_TARGET = 18.4;
				LOCALIZATION_PREFERS_STRING_CATALOGS = YES;
				MTL_ENABLE_DEBUG_INFO = INCLUDE_SOURCE;
				MTL_FAST_MATH = YES;
				ONLY_ACTIVE_ARCH = YES;
				SDKROOT = iphoneos;
				SWIFT_ACTIVE_COMPILATION_CONDITIONS = "DEBUG $(inherited)";
				SWIFT_OPTIMIZATION_LEVEL = "-Onone";
			};
			name = Debug;
		};
		6BA52BBE2DE8251D0039097B /* Release */ = {
			isa = XCBuildConfiguration;
			buildSettings = {
				ALWAYS_SEARCH_USER_PATHS = NO;
				ASSETCATALOG_COMPILER_GENERATE_SWIFT_ASSET_SYMBOL_EXTENSIONS = YES;
				CLANG_ANALYZER_NONNULL = YES;
				CLANG_ANALYZER_NUMBER_OBJECT_CONVERSION = YES_AGGRESSIVE;
				CLANG_CXX_LANGUAGE_STANDARD = "gnu++20";
				CLANG_ENABLE_MODULES = YES;
				CLANG_ENABLE_OBJC_ARC = YES;
				CLANG_ENABLE_OBJC_WEAK = YES;
				CLANG_WARN_BLOCK_CAPTURE_AUTORELEASING = YES;
				CLANG_WARN_BOOL_CONVERSION = YES;
				CLANG_WARN_COMMA = YES;
				CLANG_WARN_CONSTANT_CONVERSION = YES;
				CLANG_WARN_DEPRECATED_OBJC_IMPLEMENTATIONS = YES;
				CLANG_WARN_DIRECT_OBJC_ISA_USAGE = YES_ERROR;
				CLANG_WARN_DOCUMENTATION_COMMENTS = YES;
				CLANG_WARN_EMPTY_BODY = YES;
				CLANG_WARN_ENUM_CONVERSION = YES;
				CLANG_WARN_INFINITE_RECURSION = YES;
				CLANG_WARN_INT_CONVERSION = YES;
				CLANG_WARN_NON_LITERAL_NULL_CONVERSION = YES;
				CLANG_WARN_OBJC_IMPLICIT_RETAIN_SELF = YES;
				CLANG_WARN_OBJC_LITERAL_CONVERSION = YES;
				CLANG_WARN_OBJC_ROOT_CLASS = YES_ERROR;
				CLANG_WARN_QUOTED_INCLUDE_IN_FRAMEWORK_HEADER = YES;
				CLANG_WARN_RANGE_LOOP_ANALYSIS = YES;
				CLANG_WARN_STRICT_PROTOTYPES = YES;
				CLANG_WARN_SUSPICIOUS_MOVE = YES;
				CLANG_WARN_UNGUARDED_AVAILABILITY = YES_AGGRESSIVE;
				CLANG_WARN_UNREACHABLE_CODE = YES;
				CLANG_WARN__DUPLICATE_METHOD_MATCH = YES;
				COPY_PHASE_STRIP = NO;
				DEBUG_INFORMATION_FORMAT = "dwarf-with-dsym";
				ENABLE_NS_ASSERTIONS = NO;
				ENABLE_STRICT_OBJC_MSGSEND = YES;
				ENABLE_USER_SCRIPT_SANDBOXING = YES;
				GCC_C_LANGUAGE_STANDARD = gnu17;
				GCC_NO_COMMON_BLOCKS = YES;
				GCC_WARN_64_TO_32_BIT_CONVERSION = YES;
				GCC_WARN_ABOUT_RETURN_TYPE = YES_ERROR;
				GCC_WARN_UNDECLARED_SELECTOR = YES;
				GCC_WARN_UNINITIALIZED_AUTOS = YES_AGGRESSIVE;
				GCC_WARN_UNUSED_FUNCTION = YES;
				GCC_WARN_UNUSED_VARIABLE = YES;
				IPHONEOS_DEPLOYMENT_TARGET = 18.4;
				LOCALIZATION_PREFERS_STRING_CATALOGS = YES;
				MTL_ENABLE_DEBUG_INFO = NO;
				MTL_FAST_MATH = YES;
				SDKROOT = iphoneos;
				SWIFT_COMPILATION_MODE = wholemodule;
				VALIDATE_PRODUCT = YES;
			};
			name = Release;
		};
		6BA52BC02DE8251D0039097B /* Debug */ = {
			isa = XCBuildConfiguration;
			buildSettings = {
				ASSETCATALOG_COMPILER_APPICON_NAME = AppIcon;
				ASSETCATALOG_COMPILER_GLOBAL_ACCENT_COLOR_NAME = AccentColor;
				CODE_SIGN_STYLE = Automatic;
				CURRENT_PROJECT_VERSION = 1;
				ENABLE_PREVIEWS = YES;
				GENERATE_INFOPLIST_FILE = YES;
				INFOPLIST_KEY_UIApplicationSceneManifest_Generation = YES;
				INFOPLIST_KEY_UIApplicationSupportsIndirectInputEvents = YES;
				INFOPLIST_KEY_UILaunchScreen_Generation = YES;
				INFOPLIST_KEY_UISupportedInterfaceOrientations_iPad = "UIInterfaceOrientationPortrait UIInterfaceOrientationPortraitUpsideDown UIInterfaceOrientationLandscapeLeft UIInterfaceOrientationLandscapeRight";
				INFOPLIST_KEY_UISupportedInterfaceOrientations_iPhone = "UIInterfaceOrientationPortrait UIInterfaceOrientationLandscapeLeft UIInterfaceOrientationLandscapeRight";
				LD_RUNPATH_SEARCH_PATHS = (
					"$(inherited)",
					"@executable_path/Frameworks",
				);
				MARKETING_VERSION = 1.0;
				PRODUCT_BUNDLE_IDENTIFIER = "EmailTextEditorSample.lint-test-ios";
				PRODUCT_NAME = "$(TARGET_NAME)";
				SWIFT_EMIT_LOC_STRINGS = YES;
				SWIFT_VERSION = 5.0;
				TARGETED_DEVICE_FAMILY = "1,2";
			};
			name = Debug;
		};
		6BA52BC12DE8251D0039097B /* Release */ = {
			isa = XCBuildConfiguration;
			buildSettings = {
				ASSETCATALOG_COMPILER_APPICON_NAME = AppIcon;
				ASSETCATALOG_COMPILER_GLOBAL_ACCENT_COLOR_NAME = AccentColor;
				CODE_SIGN_STYLE = Automatic;
				CURRENT_PROJECT_VERSION = 1;
				ENABLE_PREVIEWS = YES;
				GENERATE_INFOPLIST_FILE = YES;
				INFOPLIST_KEY_UIApplicationSceneManifest_Generation = YES;
				INFOPLIST_KEY_UIApplicationSupportsIndirectInputEvents = YES;
				INFOPLIST_KEY_UILaunchScreen_Generation = YES;
				INFOPLIST_KEY_UISupportedInterfaceOrientations_iPad = "UIInterfaceOrientationPortrait UIInterfaceOrientationPortraitUpsideDown UIInterfaceOrientationLandscapeLeft UIInterfaceOrientationLandscapeRight";
				INFOPLIST_KEY_UISupportedInterfaceOrientations_iPhone = "UIInterfaceOrientationPortrait UIInterfaceOrientationLandscapeLeft UIInterfaceOrientationLandscapeRight";
				LD_RUNPATH_SEARCH_PATHS = (
					"$(inherited)",
					"@executable_path/Frameworks",
				);
				MARKETING_VERSION = 1.0;
				PRODUCT_BUNDLE_IDENTIFIER = "EmailTextEditorSample.lint-test-ios";
				PRODUCT_NAME = "$(TARGET_NAME)";
				SWIFT_EMIT_LOC_STRINGS = YES;
				SWIFT_VERSION = 5.0;
				TARGETED_DEVICE_FAMILY = "1,2";
			};
			name = Release;
		};
		6BA52BC32DE8251D0039097B /* Debug */ = {
			isa = XCBuildConfiguration;
			buildSettings = {
				BUNDLE_LOADER = "$(TEST_HOST)";
				CODE_SIGN_STYLE = Automatic;
				CURRENT_PROJECT_VERSION = 1;
				GENERATE_INFOPLIST_FILE = YES;
				IPHONEOS_DEPLOYMENT_TARGET = 18.4;
				MARKETING_VERSION = 1.0;
				PRODUCT_BUNDLE_IDENTIFIER = "EmailTextEditorSample.lint-test-iosTests";
				PRODUCT_NAME = "$(TARGET_NAME)";
				SWIFT_EMIT_LOC_STRINGS = NO;
				SWIFT_VERSION = 5.0;
				TARGETED_DEVICE_FAMILY = "1,2";
				TEST_HOST = "$(BUILT_PRODUCTS_DIR)/lint-test-ios.app/$(BUNDLE_EXECUTABLE_FOLDER_PATH)/lint-test-ios";
			};
			name = Debug;
		};
		6BA52BC42DE8251D0039097B /* Release */ = {
			isa = XCBuildConfiguration;
			buildSettings = {
				BUNDLE_LOADER = "$(TEST_HOST)";
				CODE_SIGN_STYLE = Automatic;
				CURRENT_PROJECT_VERSION = 1;
				GENERATE_INFOPLIST_FILE = YES;
				IPHONEOS_DEPLOYMENT_TARGET = 18.4;
				MARKETING_VERSION = 1.0;
				PRODUCT_BUNDLE_IDENTIFIER = "EmailTextEditorSample.lint-test-iosTests";
				PRODUCT_NAME = "$(TARGET_NAME)";
				SWIFT_EMIT_LOC_STRINGS = NO;
				SWIFT_VERSION = 5.0;
				TARGETED_DEVICE_FAMILY = "1,2";
				TEST_HOST = "$(BUILT_PRODUCTS_DIR)/lint-test-ios.app/$(BUNDLE_EXECUTABLE_FOLDER_PATH)/lint-test-ios";
			};
			name = Release;
		};
		6BA52BC62DE8251D0039097B /* Debug */ = {
			isa = XCBuildConfiguration;
			buildSettings = {
				CODE_SIGN_STYLE = Automatic;
				CURRENT_PROJECT_VERSION = 1;
				GENERATE_INFOPLIST_FILE = YES;
				MARKETING_VERSION = 1.0;
				PRODUCT_BUNDLE_IDENTIFIER = "EmailTextEditorSample.lint-test-iosUITests";
				PRODUCT_NAME = "$(TARGET_NAME)";
				SWIFT_EMIT_LOC_STRINGS = NO;
				SWIFT_VERSION = 5.0;
				TARGETED_DEVICE_FAMILY = "1,2";
				TEST_TARGET_NAME = "lint-test-ios";
			};
			name = Debug;
		};
		6BA52BC72DE8251D0039097B /* Release */ = {
			isa = XCBuildConfiguration;
			buildSettings = {
				CODE_SIGN_STYLE = Automatic;
				CURRENT_PROJECT_VERSION = 1;
				GENERATE_INFOPLIST_FILE = YES;
				MARKETING_VERSION = 1.0;
				PRODUCT_BUNDLE_IDENTIFIER = "EmailTextEditorSample.lint-test-iosUITests";
				PRODUCT_NAME = "$(TARGET_NAME)";
				SWIFT_EMIT_LOC_STRINGS = NO;
				SWIFT_VERSION = 5.0;
				TARGETED_DEVICE_FAMILY = "1,2";
				TEST_TARGET_NAME = "lint-test-ios";
			};
			name = Release;
		};
/* End XCBuildConfiguration section */

/* Begin XCConfigurationList section */
		6BA52B992DE8251C0039097B /* Build configuration list for PBXProject "lint-test-ios" */ = {
			isa = XCConfigurationList;
			buildConfigurations = (
				6BA52BBD2DE8251D0039097B /* Debug */,
				6BA52BBE2DE8251D0039097B /* Release */,
			);
			defaultConfigurationIsVisible = 0;
			defaultConfigurationName = Release;
		};
		6BA52BBF2DE8251D0039097B /* Build configuration list for PBXNativeTarget "lint-test-ios" */ = {
			isa = XCConfigurationList;
			buildConfigurations = (
				6BA52BC02DE8251D0039097B /* Debug */,
				6BA52BC12DE8251D0039097B /* Release */,
			);
			defaultConfigurationIsVisible = 0;
			defaultConfigurationName = Release;
		};
		6BA52BC22DE8251D0039097B /* Build configuration list for PBXNativeTarget "lint-test-iosTests" */ = {
			isa = XCConfigurationList;
			buildConfigurations = (
				6BA52BC32DE8251D0039097B /* Debug */,
				6BA52BC42DE8251D0039097B /* Release */,
			);
			defaultConfigurationIsVisible = 0;
			defaultConfigurationName = Release;
		};
		6BA52BC52DE8251D0039097B /* Build configuration list for PBXNativeTarget "lint-test-iosUITests" */ = {
			isa = XCConfigurationList;
			buildConfigurations = (
				6BA52BC62DE8251D0039097B /* Debug */,
				6BA52BC72DE8251D0039097B /* Release */,
			);
			defaultConfigurationIsVisible = 0;
			defaultConfigurationName = Release;
		};
/* End XCConfigurationList section */
	};
	rootObject = 6BA52B962DE8251C0039097B /* Project object */;
}
